
Microsoft Visual Studio Solution File, Format Version 12.00
# Visual Studio Version 16
VisualStudioVersion = 16.0.29230.47
MinimumVisualStudioVersion = 10.0.40219.1
Project("{FAE04EC0-301F-11D3-BF4B-00C04F79EFBC}") = "compiler", "compiler.csproj", "{EF3CF87A-F30E-4447-B03B-5E4541AA0C50}"
EndProject
Global
	GlobalSection(SolutionConfigurationPlatforms) = preSolution
		Debug|Any CPU = Debug|Any CPU
		Release|Any CPU = Release|Any CPU
	EndGlobalSection
	GlobalSection(ProjectConfigurationPlatforms) = postSolution
		{EF3CF87A-F30E-4447-B03B-5E4541AA0C50}.Debug|Any CPU.ActiveCfg = Debug|Any CPU
		{EF3CF87A-F30E-4447-B03B-5E4541AA0C50}.Debug|Any CPU.Build.0 = Debug|Any CPU
		{EF3CF87A-F30E-4447-B03B-5E4541AA0C50}.Release|Any CPU.ActiveCfg = Release|Any CPU
		{EF3CF87A-F30E-4447-B03B-5E4541AA0C50}.Release|Any CPU.Build.0 = Release|Any CPU
	EndGlobalSection
	GlobalSection(SolutionProperties) = preSolution
		HideSolutionNode = FALSE
	EndGlobalSection
	GlobalSection(ExtensibilityGlobals) = postSolution
		SolutionGuid = {D310BF61-9BD3-4CAA-BBA1-5594794485C9}
	EndGlobalSection
EndGlobal
